# THIS IS AN AUTOGENERATED FILE. DO NOT EDIT THIS FILE DIRECTLY.
# yarn lockfile v1


"@electron/remote@1.2.0":
  version "1.2.0"
  resolved "https://registry.nlark.com/@electron/remote/download/@electron/remote-1.2.0.tgz#772eb4c3ac17aaba5a9cf05a09092f6277f5671f"
  integrity sha1-dy60w6wXqrpanPBaCQkvYnf1Zx8=
